{
  "name": "@latentmesh/air-metaharness",
  "version": "0.1.0",
  "lockfileVersion": 3,
  "requires": true,
  "packages": {
    "": {
      "name": "@latentmesh/air-metaharness",
      "version": "0.1.0",
      "dependencies": {
        "@metaharness/flywheel": "0.1.10"
      },
      "engines": {
        "node": ">=20"
      }
    },
    "node_modules/@metaharness/flywheel": {
      "version": "0.1.10",
      "resolved": "https://registry.npmjs.org/@metaharness/flywheel/-/flywheel-0.1.10.tgz",
      "integrity": "sha512-yrLXDXNdf4jKqHlW6QZw3Cy5T0eMMjjaPqn1XB717/Xx/y0Iv9R03W0OhMEiR/kfqMNebRBW1fi6D7inStEyqA==",
      "license": "MIT"
    }
  }
}
